<?xml version="1.0" encoding="utf-8"?>
<Project ToolsVersion="4.0" xmlns="http://schemas.microsoft.com/developer/msbuild/2003">
  <ItemGroup>
    <Filter Include="源文件">
      <UniqueIdentifier>{4FC737F1-C7A5-4376-A066-2A32D752A2FF}</UniqueIdentifier>
      <Extensions>cpp;c;cc;cxx;c++;cppm;ixx;def;odl;idl;hpj;bat;asm;asmx</Extensions>
    </Filter>
    <Filter Include="头文件">
      <UniqueIdentifier>{93995380-89BD-4b04-88EB-625FBE52EBFB}</UniqueIdentifier>
      <Extensions>h;hh;hpp;hxx;h++;hm;inl;inc;ipp;xsd</Extensions>
    </Filter>
    <Filter Include="资源文件">
      <UniqueIdentifier>{67DA6AB6-F800-4c08-8B7A-83BB121AAD01}</UniqueIdentifier>
      <Extensions>rc;ico;cur;bmp;dlg;rc2;rct;bin;rgs;gif;jpg;jpeg;jpe;resx;tiff;tif;png;wav;mfcribbon-ms</Extensions>
    </Filter>
    <Filter Include="头文件\classes">
      <UniqueIdentifier>{8ab7becd-e327-4a1b-bb8b-903742ebe501}</UniqueIdentifier>
    </Filter>
    <Filter Include="头文件\core">
      <UniqueIdentifier>{7612ee93-8884-4a6f-9092-741188f3280d}</UniqueIdentifier>
    </Filter>
    <Filter Include="头文件\core\utils">
      <UniqueIdentifier>{3ec37c76-1ad8-4a7e-969b-0baa8915148d}</UniqueIdentifier>
    </Filter>
    <Filter Include="头文件\nn">
      <UniqueIdentifier>{750ae9cf-752d-472b-9f5a-a97a0c0663e7}</UniqueIdentifier>
    </Filter>
    <Filter Include="头文件\nn\operators">
      <UniqueIdentifier>{06bb0e88-d325-438a-a634-bdc8ba79b142}</UniqueIdentifier>
    </Filter>
    <Filter Include="头文件\core\thread_management">
      <UniqueIdentifier>{941e518f-e9d3-49af-b5c2-3d03d25e83b7}</UniqueIdentifier>
    </Filter>
    <Filter Include="头文件\core\configs">
      <UniqueIdentifier>{95a3ab87-fc65-4ff5-b560-731acb816c63}</UniqueIdentifier>
    </Filter>
    <Filter Include="头文件\basic_process">
      <UniqueIdentifier>{2e234873-01e4-4158-bcc6-97ee8c50c0d9}</UniqueIdentifier>
    </Filter>
    <Filter Include="头文件\basic_process\fill">
      <UniqueIdentifier>{26c61761-4de5-40c1-9057-9cb51c718fc4}</UniqueIdentifier>
    </Filter>
    <Filter Include="头文件\basic_process\fill\regular">
      <UniqueIdentifier>{9640fc9e-7169-49e8-95d9-2e5d0f139bb1}</UniqueIdentifier>
    </Filter>
    <Filter Include="头文件\basic_process\fill\constant">
      <UniqueIdentifier>{a07cf28b-8eed-4027-a477-637d56720b4c}</UniqueIdentifier>
    </Filter>
    <Filter Include="头文件\basic_process\type_cast">
      <UniqueIdentifier>{a40a4fc5-ee00-42f5-bae0-af489c8fac11}</UniqueIdentifier>
    </Filter>
    <Filter Include="头文件\basic_process\type_statistics">
      <UniqueIdentifier>{81e74abb-f6c0-4a2e-b63e-4d9907abed90}</UniqueIdentifier>
    </Filter>
    <Filter Include="头文件\basic_process\rect_and_cube">
      <UniqueIdentifier>{23e0872d-db3f-4f82-a5e2-a62426c54bdd}</UniqueIdentifier>
    </Filter>
    <Filter Include="源文件\core">
      <UniqueIdentifier>{37830e58-fa66-419a-a0ed-8b999c485c0a}</UniqueIdentifier>
    </Filter>
    <Filter Include="源文件\core\thread_management">
      <UniqueIdentifier>{9eeb56e1-60dd-4ba8-9769-0cc29e0c7b45}</UniqueIdentifier>
    </Filter>
    <Filter Include="源文件\classes">
      <UniqueIdentifier>{7f8b90c9-88f3-4049-8720-4b18aecffb6f}</UniqueIdentifier>
    </Filter>
    <Filter Include="头文件\cv">
      <UniqueIdentifier>{b10a6c38-9c10-46ca-a0d5-32730704ad80}</UniqueIdentifier>
    </Filter>
    <Filter Include="源文件\core\configs">
      <UniqueIdentifier>{53bad9ed-ab88-4ed7-865b-2197ff6efee4}</UniqueIdentifier>
    </Filter>
    <Filter Include="头文件\regional">
      <UniqueIdentifier>{768536e0-ac97-4d41-ace3-f4ef61c5bbdf}</UniqueIdentifier>
    </Filter>
    <Filter Include="头文件\regional\regional_comparision">
      <UniqueIdentifier>{bc3858fe-8108-4e0e-88b3-2b3d9b6c52f2}</UniqueIdentifier>
    </Filter>
    <Filter Include="头文件\regional\regional_comparision\fp32">
      <UniqueIdentifier>{d20b616f-171e-4e81-9063-47ffafbb5477}</UniqueIdentifier>
    </Filter>
    <Filter Include="头文件\regional\regional_comparision\fp64">
      <UniqueIdentifier>{2a5a1016-8e94-4147-94de-f1efb2938451}</UniqueIdentifier>
    </Filter>
    <Filter Include="头文件\Vectorial">
      <UniqueIdentifier>{5d2ede65-3e17-4f7b-8c31-e859f50f3ebe}</UniqueIdentifier>
    </Filter>
    <Filter Include="头文件\Vectorial\fields">
      <UniqueIdentifier>{d9fea2bc-4c56-445f-a546-02b8774c1c1d}</UniqueIdentifier>
    </Filter>
    <Filter Include="源文件\core\memory management">
      <UniqueIdentifier>{19ae3006-b429-4084-941e-b82fbc195823}</UniqueIdentifier>
    </Filter>
    <Filter Include="源文件\core\allocators">
      <UniqueIdentifier>{ea26693b-3115-4310-9b67-7d6c9079fdda}</UniqueIdentifier>
    </Filter>
    <Filter Include="源文件\core\utils">
      <UniqueIdentifier>{fc6a51de-cd24-4e5b-99aa-af56c2a61ddb}</UniqueIdentifier>
    </Filter>
    <Filter Include="源文件\resources_manager">
      <UniqueIdentifier>{fcd4818b-ea09-406c-afe1-a5097ea904d0}</UniqueIdentifier>
    </Filter>
    <Filter Include="源文件\core\configs\x86_64">
      <UniqueIdentifier>{50bad2ca-4b79-4b88-9691-9ff3d7e8602c}</UniqueIdentifier>
    </Filter>
  </ItemGroup>
  <ItemGroup>
    <ClInclude Include="framework.h">
      <Filter>头文件</Filter>
    </ClInclude>
    <ClInclude Include="..\srcs\core\utils\decx_utils_functions.h">
      <Filter>头文件\core\utils</Filter>
    </ClInclude>
    <ClInclude Include="..\srcs\core\utils\decx_utils_macros.h">
      <Filter>头文件\core\utils</Filter>
    </ClInclude>
    <ClInclude Include="..\srcs\nn\operators\operators.h">
      <Filter>头文件\nn\operators</Filter>
    </ClInclude>
    <ClInclude Include="..\srcs\nn\operators\ReLU.h">
      <Filter>头文件\nn\operators</Filter>
    </ClInclude>
    <ClInclude Include="..\srcs\nn\operators\sigmoid.h">
      <Filter>头文件\nn\operators</Filter>
    </ClInclude>
    <ClInclude Include="..\srcs\nn\operators\tanh.h">
      <Filter>头文件\nn\operators</Filter>
    </ClInclude>
    <ClInclude Include="..\srcs\core\configs\config.h">
      <Filter>头文件\core\configs</Filter>
    </ClInclude>
    <ClInclude Include="..\srcs\core\utils\fragment_arrangment.h">
      <Filter>头文件\core\utils</Filter>
    </ClInclude>
    <ClInclude Include="..\srcs\core\utils\intrinsics_ops.h">
      <Filter>头文件\core\utils</Filter>
    </ClInclude>
    <ClInclude Include="..\srcs\core\utils\array_ptr_info.h">
      <Filter>头文件\core\utils</Filter>
    </ClInclude>
    <ClInclude Include="..\srcs\modules\basic_process\rect_and_cube\CPU\Matrix_rect.h">
      <Filter>头文件\basic_process\rect_and_cube</Filter>
    </ClInclude>
    <ClInclude Include="..\srcs\modules\basic_process\rect_and_cube\CPU\rect_copy2D_exec.h">
      <Filter>头文件\basic_process\rect_and_cube</Filter>
    </ClInclude>
    <ClInclude Include="..\srcs\modules\classes\classes_util.h">
      <Filter>头文件\classes</Filter>
    </ClInclude>
    <ClInclude Include="..\srcs\modules\classes\Matrix.h">
      <Filter>头文件\classes</Filter>
    </ClInclude>
    <ClInclude Include="..\srcs\modules\classes\MatrixArray.h">
      <Filter>头文件\classes</Filter>
    </ClInclude>
    <ClInclude Include="..\srcs\modules\classes\store_types.h">
      <Filter>头文件\classes</Filter>
    </ClInclude>
    <ClInclude Include="..\srcs\modules\classes\Tensor.h">
      <Filter>头文件\classes</Filter>
    </ClInclude>
    <ClInclude Include="..\srcs\modules\classes\TensorArray.h">
      <Filter>头文件\classes</Filter>
    </ClInclude>
    <ClInclude Include="..\srcs\modules\classes\type_info.h">
      <Filter>头文件\classes</Filter>
    </ClInclude>
    <ClInclude Include="..\srcs\modules\classes\Vector.h">
      <Filter>头文件\classes</Filter>
    </ClInclude>
    <ClInclude Include="..\srcs\modules\regional\regional_comparision\CPU\rcp_CCOEFF_T_loop_core.h">
      <Filter>头文件\regional\regional_comparision</Filter>
    </ClInclude>
    <ClInclude Include="..\srcs\modules\regional\regional_comparision\CPU\fp32\rcp2_CCOEFF_fp32_exec.h">
      <Filter>头文件\regional\regional_comparision\fp32</Filter>
    </ClInclude>
    <ClInclude Include="..\srcs\modules\regional\regional_comparision\CPU\fp32\rcp2_SQDIFF_fp32_exec.h">
      <Filter>头文件\regional\regional_comparision\fp32</Filter>
    </ClInclude>
    <ClInclude Include="..\srcs\modules\core\vector_defines.h">
      <Filter>头文件\core</Filter>
    </ClInclude>
    <ClInclude Include="..\srcs\modules\Vectorial\vector4.h">
      <Filter>头文件\Vectorial</Filter>
    </ClInclude>
    <ClInclude Include="..\srcs\modules\basic_process\type_cast\type_cast_methods.h">
      <Filter>头文件\basic_process\type_cast</Filter>
    </ClInclude>
    <ClInclude Include="..\srcs\modules\basic_process\type_cast\CPU\_mm256_fp32_fp64.h">
      <Filter>头文件\basic_process\type_cast</Filter>
    </ClInclude>
    <ClInclude Include="..\srcs\modules\basic_process\type_cast\CPU\_mm256_fp32_int32.h">
      <Filter>头文件\basic_process\type_cast</Filter>
    </ClInclude>
    <ClInclude Include="..\srcs\modules\basic_process\type_cast\CPU\Vector_type_cast.h">
      <Filter>头文件\basic_process\type_cast</Filter>
    </ClInclude>
    <ClInclude Include="..\srcs\modules\basic_process\fill\constant\CPU\fill_constant_exec.h">
      <Filter>头文件\basic_process\fill\constant</Filter>
    </ClInclude>
    <ClInclude Include="..\srcs\modules\core\allocators.h">
      <Filter>头文件\core</Filter>
    </ClInclude>
    <ClInclude Include="..\srcs\modules\core\basic.h">
      <Filter>头文件\core</Filter>
    </ClInclude>
    <ClInclude Include="..\srcs\modules\core\compile_params.h">
      <Filter>头文件\core</Filter>
    </ClInclude>
    <ClInclude Include="..\srcs\modules\core\configuration.h">
      <Filter>头文件\core</Filter>
    </ClInclude>
    <ClInclude Include="..\srcs\modules\core\decx_alloc_interface.h">
      <Filter>头文件\core</Filter>
    </ClInclude>
    <ClInclude Include="..\srcs\modules\core\error.h">
      <Filter>头文件\core</Filter>
    </ClInclude>
    <ClInclude Include="..\srcs\modules\core\include.h">
      <Filter>头文件\core</Filter>
    </ClInclude>
  </ItemGroup>
  <ItemGroup>
    <ClCompile Include="..\srcs\modules\core\thread_management\task_queue.cxx">
      <Filter>源文件\core\thread_management</Filter>
    </ClCompile>
    <ClCompile Include="..\srcs\modules\core\thread_management\thread_pool.cxx">
      <Filter>源文件\core\thread_management</Filter>
    </ClCompile>
    <ClCompile Include="..\srcs\modules\core\global_vars.cxx">
      <Filter>源文件\core</Filter>
    </ClCompile>
    <ClCompile Include="..\srcs\modules\core\configs\config.cxx">
      <Filter>源文件\core\configs</Filter>
    </ClCompile>
    <ClCompile Include="..\srcs\modules\classes\classes_util.cxx">
      <Filter>源文件\classes</Filter>
    </ClCompile>
    <ClCompile Include="..\srcs\modules\core\memory_management\MemChunk_Hv.cxx">
      <Filter>源文件\core\memory management</Filter>
    </ClCompile>
    <ClCompile Include="..\srcs\modules\core\memory_management\MemoryPool_Hv.cxx">
      <Filter>源文件\core\memory management</Filter>
    </ClCompile>
    <ClCompile Include="..\srcs\modules\core\memory_management\MemBlock.cxx">
      <Filter>源文件\core\memory management</Filter>
    </ClCompile>
    <ClCompile Include="..\srcs\modules\classes\Matrix.cxx">
      <Filter>源文件\classes</Filter>
    </ClCompile>
    <ClCompile Include="..\srcs\modules\classes\MatrixArray.cxx">
      <Filter>源文件\classes</Filter>
    </ClCompile>
    <ClCompile Include="..\srcs\modules\classes\Tensor.cxx">
      <Filter>源文件\classes</Filter>
    </ClCompile>
    <ClCompile Include="..\srcs\modules\classes\TensorArray.cxx">
      <Filter>源文件\classes</Filter>
    </ClCompile>
    <ClCompile Include="..\srcs\modules\classes\Vector.cxx">
      <Filter>源文件\classes</Filter>
    </ClCompile>
    <ClCompile Include="..\srcs\modules\core\allocators\_allocator.cxx">
      <Filter>源文件\core\allocators</Filter>
    </ClCompile>
    <ClCompile Include="..\srcs\modules\core\allocators\_deallocator.cxx">
      <Filter>源文件\core\allocators</Filter>
    </ClCompile>
    <ClCompile Include="..\srcs\modules\core\allocators\_memset.cxx">
      <Filter>源文件\core\allocators</Filter>
    </ClCompile>
    <ClCompile Include="..\srcs\modules\core\utils\fragment_arangement.cxx">
      <Filter>源文件\core\utils</Filter>
    </ClCompile>
    <ClCompile Include="..\srcs\modules\core\pre_post_proc_CPUcoreModule.cxx">
      <Filter>源文件</Filter>
    </ClCompile>
    <ClCompile Include="..\srcs\modules\core\resources_manager\decx_resource.cxx">
      <Filter>源文件\resources_manager</Filter>
    </ClCompile>
    <ClCompile Include="..\srcs\modules\core\resources_manager\ResMgr.cxx">
      <Filter>源文件\resources_manager</Filter>
    </ClCompile>
    <ClCompile Include="..\srcs\modules\core\configs\x86_64\decx_CPUID_x86.c">
      <Filter>源文件\core\configs\x86_64</Filter>
    </ClCompile>
  </ItemGroup>
  <ItemGroup>
    <MASM Include="..\srcs\modules\core\configs\x86_64\cpuid_call_x86_64.asm">
      <Filter>源文件\core\configs\x86_64</Filter>
    </MASM>
  </ItemGroup>
</Project>