
Microsoft Visual Studio Solution File, Format Version 12.00
# Visual Studio Version 16
VisualStudioVersion = 16.0.31019.35
MinimumVisualStudioVersion = 10.0.40219.1
Project("{8BC9CEB8-8B4A-11D0-8D11-00A0C91BC942}") = "DECX_core_CUDA", "DECX_core_CUDA\DECX_core_CUDA.vcxproj", "{5BBA1AC9-9E28-4611-82D8-38AB266B872F}"
	ProjectSection(ProjectDependencies) = postProject
		{E5C6C170-7654-4472-8ABC-47A234D50D4D} = {E5C6C170-7654-4472-8ABC-47A234D50D4D}
	EndProjectSection
EndProject
Project("{8BC9CEB8-8B4A-11D0-8D11-00A0C91BC942}") = "DECX_CV_CPU", "DECX_CV_CPU\DECX_CV_CPU.vcxproj", "{D25E9404-441D-4315-BF84-3DE1BB49B938}"
	ProjectSection(ProjectDependencies) = postProject
		{E5C6C170-7654-4472-8ABC-47A234D50D4D} = {E5C6C170-7654-4472-8ABC-47A234D50D4D}
		{41BA56AA-0E91-4815-9C00-5294FC60DFC6} = {41BA56AA-0E91-4815-9C00-5294FC60DFC6}
	EndProjectSection
EndProject
Project("{8BC9CEB8-8B4A-11D0-8D11-00A0C91BC942}") = "DECX_BLAS_CUDA", "DECX_BLAS_CUDA\DECX_BLAS_CUDA.vcxproj", "{41BA56AA-0E91-4815-9C00-5294FC60DFC6}"
	ProjectSection(ProjectDependencies) = postProject
		{5BBA1AC9-9E28-4611-82D8-38AB266B872F} = {5BBA1AC9-9E28-4611-82D8-38AB266B872F}
	EndProjectSection
EndProject
Project("{8BC9CEB8-8B4A-11D0-8D11-00A0C91BC942}") = "DECX_BLAS_CPU", "DECX_BLAS_CPU\DECX_BLAS_CPU.vcxproj", "{937AD5DB-5900-436A-876D-E44D755CC99B}"
	ProjectSection(ProjectDependencies) = postProject
		{E5C6C170-7654-4472-8ABC-47A234D50D4D} = {E5C6C170-7654-4472-8ABC-47A234D50D4D}
	EndProjectSection
EndProject
Project("{8BC9CEB8-8B4A-11D0-8D11-00A0C91BC942}") = "DECX_CV_CUDA", "DECX_CV_CUDA\DECX_CV_CUDA.vcxproj", "{50C080B0-7CC5-457A-BBAD-3C0505EF3E8C}"
	ProjectSection(ProjectDependencies) = postProject
		{5BBA1AC9-9E28-4611-82D8-38AB266B872F} = {5BBA1AC9-9E28-4611-82D8-38AB266B872F}
	EndProjectSection
EndProject
Project("{8BC9CEB8-8B4A-11D0-8D11-00A0C91BC942}") = "DECX_core_CPU", "DECX_core_CPU\DECX_cpu.vcxproj", "{E5C6C170-7654-4472-8ABC-47A234D50D4D}"
EndProject
Project("{8BC9CEB8-8B4A-11D0-8D11-00A0C91BC942}") = "DECX_DSP_CUDA", "DECX_DSP_CUDA\DECX_DSP_CUDA.vcxproj", "{27D65014-56D8-4938-8996-D34A5D8DE5DF}"
	ProjectSection(ProjectDependencies) = postProject
		{41BA56AA-0E91-4815-9C00-5294FC60DFC6} = {41BA56AA-0E91-4815-9C00-5294FC60DFC6}
		{5BBA1AC9-9E28-4611-82D8-38AB266B872F} = {5BBA1AC9-9E28-4611-82D8-38AB266B872F}
	EndProjectSection
EndProject
Project("{8BC9CEB8-8B4A-11D0-8D11-00A0C91BC942}") = "DECX_NN_CPU", "DECX_NN_CPU\DECX_NN_CPU.vcxproj", "{B39026F8-7308-47D0-B330-C5CF11CB03B9}"
	ProjectSection(ProjectDependencies) = postProject
		{E5C6C170-7654-4472-8ABC-47A234D50D4D} = {E5C6C170-7654-4472-8ABC-47A234D50D4D}
	EndProjectSection
EndProject
Project("{8BC9CEB8-8B4A-11D0-8D11-00A0C91BC942}") = "DECX_NN_CUDA", "DECX_NN_CUDA\DECX_NN_CUDA.vcxproj", "{735FAF92-3D0C-4270-8EF5-CA10F01985D0}"
	ProjectSection(ProjectDependencies) = postProject
		{5BBA1AC9-9E28-4611-82D8-38AB266B872F} = {5BBA1AC9-9E28-4611-82D8-38AB266B872F}
	EndProjectSection
EndProject
Project("{8BC9CEB8-8B4A-11D0-8D11-00A0C91BC942}") = "DECX_DSP_CPU", "DECX_DSP_CPU\DECX_dsp_CPU.vcxproj", "{CAA83398-B1BA-4F44-906E-FBBF8B823D67}"
	ProjectSection(ProjectDependencies) = postProject
		{E5C6C170-7654-4472-8ABC-47A234D50D4D} = {E5C6C170-7654-4472-8ABC-47A234D50D4D}
		{937AD5DB-5900-436A-876D-E44D755CC99B} = {937AD5DB-5900-436A-876D-E44D755CC99B}
	EndProjectSection
EndProject
Global
	GlobalSection(SolutionConfigurationPlatforms) = preSolution
		Debug|Win32 = Debug|Win32
		Debug|x64 = Debug|x64
		Debug|x86 = Debug|x86
		Release|Win32 = Release|Win32
		Release|x64 = Release|x64
		Release|x86 = Release|x86
	EndGlobalSection
	GlobalSection(ProjectConfigurationPlatforms) = postSolution
		{5BBA1AC9-9E28-4611-82D8-38AB266B872F}.Debug|Win32.ActiveCfg = Debug|Win32
		{5BBA1AC9-9E28-4611-82D8-38AB266B872F}.Debug|Win32.Build.0 = Debug|Win32
		{5BBA1AC9-9E28-4611-82D8-38AB266B872F}.Debug|x64.ActiveCfg = Debug|x64
		{5BBA1AC9-9E28-4611-82D8-38AB266B872F}.Debug|x64.Build.0 = Debug|x64
		{5BBA1AC9-9E28-4611-82D8-38AB266B872F}.Debug|x86.ActiveCfg = Debug|Win32
		{5BBA1AC9-9E28-4611-82D8-38AB266B872F}.Debug|x86.Build.0 = Debug|Win32
		{5BBA1AC9-9E28-4611-82D8-38AB266B872F}.Release|Win32.ActiveCfg = Release|Win32
		{5BBA1AC9-9E28-4611-82D8-38AB266B872F}.Release|Win32.Build.0 = Release|Win32
		{5BBA1AC9-9E28-4611-82D8-38AB266B872F}.Release|x64.ActiveCfg = Release|x64
		{5BBA1AC9-9E28-4611-82D8-38AB266B872F}.Release|x64.Build.0 = Release|x64
		{5BBA1AC9-9E28-4611-82D8-38AB266B872F}.Release|x86.ActiveCfg = Release|Win32
		{5BBA1AC9-9E28-4611-82D8-38AB266B872F}.Release|x86.Build.0 = Release|Win32
		{D25E9404-441D-4315-BF84-3DE1BB49B938}.Debug|Win32.ActiveCfg = Debug|Win32
		{D25E9404-441D-4315-BF84-3DE1BB49B938}.Debug|Win32.Build.0 = Debug|Win32
		{D25E9404-441D-4315-BF84-3DE1BB49B938}.Debug|x64.ActiveCfg = Debug|x64
		{D25E9404-441D-4315-BF84-3DE1BB49B938}.Debug|x64.Build.0 = Debug|x64
		{D25E9404-441D-4315-BF84-3DE1BB49B938}.Debug|x86.ActiveCfg = Debug|Win32
		{D25E9404-441D-4315-BF84-3DE1BB49B938}.Debug|x86.Build.0 = Debug|Win32
		{D25E9404-441D-4315-BF84-3DE1BB49B938}.Release|Win32.ActiveCfg = Release|Win32
		{D25E9404-441D-4315-BF84-3DE1BB49B938}.Release|Win32.Build.0 = Release|Win32
		{D25E9404-441D-4315-BF84-3DE1BB49B938}.Release|x64.ActiveCfg = Release|x64
		{D25E9404-441D-4315-BF84-3DE1BB49B938}.Release|x64.Build.0 = Release|x64
		{D25E9404-441D-4315-BF84-3DE1BB49B938}.Release|x86.ActiveCfg = Release|Win32
		{D25E9404-441D-4315-BF84-3DE1BB49B938}.Release|x86.Build.0 = Release|Win32
		{41BA56AA-0E91-4815-9C00-5294FC60DFC6}.Debug|Win32.ActiveCfg = Debug|Win32
		{41BA56AA-0E91-4815-9C00-5294FC60DFC6}.Debug|Win32.Build.0 = Debug|Win32
		{41BA56AA-0E91-4815-9C00-5294FC60DFC6}.Debug|x64.ActiveCfg = Debug|x64
		{41BA56AA-0E91-4815-9C00-5294FC60DFC6}.Debug|x64.Build.0 = Debug|x64
		{41BA56AA-0E91-4815-9C00-5294FC60DFC6}.Debug|x86.ActiveCfg = Debug|Win32
		{41BA56AA-0E91-4815-9C00-5294FC60DFC6}.Debug|x86.Build.0 = Debug|Win32
		{41BA56AA-0E91-4815-9C00-5294FC60DFC6}.Release|Win32.ActiveCfg = Release|Win32
		{41BA56AA-0E91-4815-9C00-5294FC60DFC6}.Release|Win32.Build.0 = Release|Win32
		{41BA56AA-0E91-4815-9C00-5294FC60DFC6}.Release|x64.ActiveCfg = Release|x64
		{41BA56AA-0E91-4815-9C00-5294FC60DFC6}.Release|x64.Build.0 = Release|x64
		{41BA56AA-0E91-4815-9C00-5294FC60DFC6}.Release|x86.ActiveCfg = Release|Win32
		{41BA56AA-0E91-4815-9C00-5294FC60DFC6}.Release|x86.Build.0 = Release|Win32
		{937AD5DB-5900-436A-876D-E44D755CC99B}.Debug|Win32.ActiveCfg = Debug|Win32
		{937AD5DB-5900-436A-876D-E44D755CC99B}.Debug|Win32.Build.0 = Debug|Win32
		{937AD5DB-5900-436A-876D-E44D755CC99B}.Debug|x64.ActiveCfg = Debug|x64
		{937AD5DB-5900-436A-876D-E44D755CC99B}.Debug|x64.Build.0 = Debug|x64
		{937AD5DB-5900-436A-876D-E44D755CC99B}.Debug|x86.ActiveCfg = Debug|Win32
		{937AD5DB-5900-436A-876D-E44D755CC99B}.Debug|x86.Build.0 = Debug|Win32
		{937AD5DB-5900-436A-876D-E44D755CC99B}.Release|Win32.ActiveCfg = Release|Win32
		{937AD5DB-5900-436A-876D-E44D755CC99B}.Release|Win32.Build.0 = Release|Win32
		{937AD5DB-5900-436A-876D-E44D755CC99B}.Release|x64.ActiveCfg = Release|x64
		{937AD5DB-5900-436A-876D-E44D755CC99B}.Release|x64.Build.0 = Release|x64
		{937AD5DB-5900-436A-876D-E44D755CC99B}.Release|x86.ActiveCfg = Release|Win32
		{937AD5DB-5900-436A-876D-E44D755CC99B}.Release|x86.Build.0 = Release|Win32
		{50C080B0-7CC5-457A-BBAD-3C0505EF3E8C}.Debug|Win32.ActiveCfg = Debug|Win32
		{50C080B0-7CC5-457A-BBAD-3C0505EF3E8C}.Debug|Win32.Build.0 = Debug|Win32
		{50C080B0-7CC5-457A-BBAD-3C0505EF3E8C}.Debug|x64.ActiveCfg = Debug|x64
		{50C080B0-7CC5-457A-BBAD-3C0505EF3E8C}.Debug|x64.Build.0 = Debug|x64
		{50C080B0-7CC5-457A-BBAD-3C0505EF3E8C}.Debug|x86.ActiveCfg = Debug|Win32
		{50C080B0-7CC5-457A-BBAD-3C0505EF3E8C}.Debug|x86.Build.0 = Debug|Win32
		{50C080B0-7CC5-457A-BBAD-3C0505EF3E8C}.Release|Win32.ActiveCfg = Release|Win32
		{50C080B0-7CC5-457A-BBAD-3C0505EF3E8C}.Release|Win32.Build.0 = Release|Win32
		{50C080B0-7CC5-457A-BBAD-3C0505EF3E8C}.Release|x64.ActiveCfg = Release|x64
		{50C080B0-7CC5-457A-BBAD-3C0505EF3E8C}.Release|x64.Build.0 = Release|x64
		{50C080B0-7CC5-457A-BBAD-3C0505EF3E8C}.Release|x86.ActiveCfg = Release|Win32
		{50C080B0-7CC5-457A-BBAD-3C0505EF3E8C}.Release|x86.Build.0 = Release|Win32
		{E5C6C170-7654-4472-8ABC-47A234D50D4D}.Debug|Win32.ActiveCfg = Debug|Win32
		{E5C6C170-7654-4472-8ABC-47A234D50D4D}.Debug|Win32.Build.0 = Debug|Win32
		{E5C6C170-7654-4472-8ABC-47A234D50D4D}.Debug|x64.ActiveCfg = Debug|x64
		{E5C6C170-7654-4472-8ABC-47A234D50D4D}.Debug|x64.Build.0 = Debug|x64
		{E5C6C170-7654-4472-8ABC-47A234D50D4D}.Debug|x86.ActiveCfg = Debug|Win32
		{E5C6C170-7654-4472-8ABC-47A234D50D4D}.Debug|x86.Build.0 = Debug|Win32
		{E5C6C170-7654-4472-8ABC-47A234D50D4D}.Release|Win32.ActiveCfg = Release|Win32
		{E5C6C170-7654-4472-8ABC-47A234D50D4D}.Release|Win32.Build.0 = Release|Win32
		{E5C6C170-7654-4472-8ABC-47A234D50D4D}.Release|x64.ActiveCfg = Release|x64
		{E5C6C170-7654-4472-8ABC-47A234D50D4D}.Release|x64.Build.0 = Release|x64
		{E5C6C170-7654-4472-8ABC-47A234D50D4D}.Release|x86.ActiveCfg = Release|Win32
		{E5C6C170-7654-4472-8ABC-47A234D50D4D}.Release|x86.Build.0 = Release|Win32
		{27D65014-56D8-4938-8996-D34A5D8DE5DF}.Debug|Win32.ActiveCfg = Debug|Win32
		{27D65014-56D8-4938-8996-D34A5D8DE5DF}.Debug|Win32.Build.0 = Debug|Win32
		{27D65014-56D8-4938-8996-D34A5D8DE5DF}.Debug|x64.ActiveCfg = Debug|x64
		{27D65014-56D8-4938-8996-D34A5D8DE5DF}.Debug|x64.Build.0 = Debug|x64
		{27D65014-56D8-4938-8996-D34A5D8DE5DF}.Debug|x86.ActiveCfg = Debug|Win32
		{27D65014-56D8-4938-8996-D34A5D8DE5DF}.Debug|x86.Build.0 = Debug|Win32
		{27D65014-56D8-4938-8996-D34A5D8DE5DF}.Release|Win32.ActiveCfg = Release|Win32
		{27D65014-56D8-4938-8996-D34A5D8DE5DF}.Release|Win32.Build.0 = Release|Win32
		{27D65014-56D8-4938-8996-D34A5D8DE5DF}.Release|x64.ActiveCfg = Release|x64
		{27D65014-56D8-4938-8996-D34A5D8DE5DF}.Release|x64.Build.0 = Release|x64
		{27D65014-56D8-4938-8996-D34A5D8DE5DF}.Release|x86.ActiveCfg = Release|Win32
		{27D65014-56D8-4938-8996-D34A5D8DE5DF}.Release|x86.Build.0 = Release|Win32
		{B39026F8-7308-47D0-B330-C5CF11CB03B9}.Debug|Win32.ActiveCfg = Debug|Win32
		{B39026F8-7308-47D0-B330-C5CF11CB03B9}.Debug|Win32.Build.0 = Debug|Win32
		{B39026F8-7308-47D0-B330-C5CF11CB03B9}.Debug|x64.ActiveCfg = Debug|x64
		{B39026F8-7308-47D0-B330-C5CF11CB03B9}.Debug|x64.Build.0 = Debug|x64
		{B39026F8-7308-47D0-B330-C5CF11CB03B9}.Debug|x86.ActiveCfg = Debug|Win32
		{B39026F8-7308-47D0-B330-C5CF11CB03B9}.Debug|x86.Build.0 = Debug|Win32
		{B39026F8-7308-47D0-B330-C5CF11CB03B9}.Release|Win32.ActiveCfg = Release|Win32
		{B39026F8-7308-47D0-B330-C5CF11CB03B9}.Release|Win32.Build.0 = Release|Win32
		{B39026F8-7308-47D0-B330-C5CF11CB03B9}.Release|x64.ActiveCfg = Release|x64
		{B39026F8-7308-47D0-B330-C5CF11CB03B9}.Release|x64.Build.0 = Release|x64
		{B39026F8-7308-47D0-B330-C5CF11CB03B9}.Release|x86.ActiveCfg = Release|Win32
		{B39026F8-7308-47D0-B330-C5CF11CB03B9}.Release|x86.Build.0 = Release|Win32
		{735FAF92-3D0C-4270-8EF5-CA10F01985D0}.Debug|Win32.ActiveCfg = Debug|Win32
		{735FAF92-3D0C-4270-8EF5-CA10F01985D0}.Debug|Win32.Build.0 = Debug|Win32
		{735FAF92-3D0C-4270-8EF5-CA10F01985D0}.Debug|x64.ActiveCfg = Debug|x64
		{735FAF92-3D0C-4270-8EF5-CA10F01985D0}.Debug|x64.Build.0 = Debug|x64
		{735FAF92-3D0C-4270-8EF5-CA10F01985D0}.Debug|x86.ActiveCfg = Debug|Win32
		{735FAF92-3D0C-4270-8EF5-CA10F01985D0}.Debug|x86.Build.0 = Debug|Win32
		{735FAF92-3D0C-4270-8EF5-CA10F01985D0}.Release|Win32.ActiveCfg = Release|Win32
		{735FAF92-3D0C-4270-8EF5-CA10F01985D0}.Release|Win32.Build.0 = Release|Win32
		{735FAF92-3D0C-4270-8EF5-CA10F01985D0}.Release|x64.ActiveCfg = Release|x64
		{735FAF92-3D0C-4270-8EF5-CA10F01985D0}.Release|x64.Build.0 = Release|x64
		{735FAF92-3D0C-4270-8EF5-CA10F01985D0}.Release|x86.ActiveCfg = Release|Win32
		{735FAF92-3D0C-4270-8EF5-CA10F01985D0}.Release|x86.Build.0 = Release|Win32
		{CAA83398-B1BA-4F44-906E-FBBF8B823D67}.Debug|Win32.ActiveCfg = Debug|Win32
		{CAA83398-B1BA-4F44-906E-FBBF8B823D67}.Debug|Win32.Build.0 = Debug|Win32
		{CAA83398-B1BA-4F44-906E-FBBF8B823D67}.Debug|x64.ActiveCfg = Debug|x64
		{CAA83398-B1BA-4F44-906E-FBBF8B823D67}.Debug|x64.Build.0 = Debug|x64
		{CAA83398-B1BA-4F44-906E-FBBF8B823D67}.Debug|x86.ActiveCfg = Debug|Win32
		{CAA83398-B1BA-4F44-906E-FBBF8B823D67}.Debug|x86.Build.0 = Debug|Win32
		{CAA83398-B1BA-4F44-906E-FBBF8B823D67}.Release|Win32.ActiveCfg = Release|Win32
		{CAA83398-B1BA-4F44-906E-FBBF8B823D67}.Release|Win32.Build.0 = Release|Win32
		{CAA83398-B1BA-4F44-906E-FBBF8B823D67}.Release|x64.ActiveCfg = Release|x64
		{CAA83398-B1BA-4F44-906E-FBBF8B823D67}.Release|x64.Build.0 = Release|x64
		{CAA83398-B1BA-4F44-906E-FBBF8B823D67}.Release|x86.ActiveCfg = Release|Win32
		{CAA83398-B1BA-4F44-906E-FBBF8B823D67}.Release|x86.Build.0 = Release|Win32
	EndGlobalSection
	GlobalSection(SolutionProperties) = preSolution
		HideSolutionNode = FALSE
	EndGlobalSection
	GlobalSection(ExtensibilityGlobals) = postSolution
		SolutionGuid = {E4E247D0-DCDF-44B0-9978-D804FBE3ED9E}
	EndGlobalSection
EndGlobal
