<?xml version="1.0" encoding="utf-8"?>
<Project ToolsVersion="4.0" xmlns="http://schemas.microsoft.com/developer/msbuild/2003">
  <ItemGroup>
    <Filter Include="源文件">
      <UniqueIdentifier>{4FC737F1-C7A5-4376-A066-2A32D752A2FF}</UniqueIdentifier>
      <Extensions>cpp;c;cc;cxx;c++;cppm;ixx;def;odl;idl;hpj;bat;asm;asmx</Extensions>
    </Filter>
    <Filter Include="头文件">
      <UniqueIdentifier>{93995380-89BD-4b04-88EB-625FBE52EBFB}</UniqueIdentifier>
      <Extensions>h;hh;hpp;hxx;h++;hm;inl;inc;ipp;xsd</Extensions>
    </Filter>
    <Filter Include="资源文件">
      <UniqueIdentifier>{67DA6AB6-F800-4c08-8B7A-83BB121AAD01}</UniqueIdentifier>
      <Extensions>rc;ico;cur;bmp;dlg;rc2;rct;bin;rgs;gif;jpg;jpeg;jpe;resx;tiff;tif;png;wav;mfcribbon-ms</Extensions>
    </Filter>
    <Filter Include="源文件\convolution">
      <UniqueIdentifier>{11fa6784-d91b-4f9b-bf40-541993ea42ba}</UniqueIdentifier>
    </Filter>
    <Filter Include="源文件\convolution\utils">
      <UniqueIdentifier>{e2a8c4cc-0aba-4bb3-beba-25d23435de88}</UniqueIdentifier>
    </Filter>
    <Filter Include="源文件\convolution\fp32">
      <UniqueIdentifier>{cfff5192-9def-4c52-a48c-526f7f29eb6b}</UniqueIdentifier>
    </Filter>
    <Filter Include="源文件\common">
      <UniqueIdentifier>{e7df4ea2-4f3f-432e-a8e5-f7390be94a34}</UniqueIdentifier>
    </Filter>
  </ItemGroup>
  <ItemGroup>
    <CudaCompile Include="..\..\..\srcs\modules\NN\convolution\CUDA\fp32\Conv2D.cu">
      <Filter>源文件\convolution</Filter>
    </CudaCompile>
    <CudaCompile Include="..\..\..\srcs\modules\NN\convolution\CUDA\fp32\cuda_conv2D_fp32_im2col_planner.cu">
      <Filter>源文件\convolution</Filter>
    </CudaCompile>
    <CudaCompile Include="..\..\..\srcs\modules\NN\convolution\CUDA\fp32\im2col_fp32.cu">
      <Filter>源文件\convolution\fp32</Filter>
    </CudaCompile>
    <CudaCompile Include="..\..\..\srcs\modules\NN\convolution\CUDA\fp32\im2col_GEMM_fp32.cu">
      <Filter>源文件\convolution\fp32</Filter>
    </CudaCompile>
    <CudaCompile Include="..\..\..\srcs\common\Basic_process\transpose\CUDA\transpose_kernels.cu">
      <Filter>源文件\common</Filter>
    </CudaCompile>
    <CudaCompile Include="..\..\..\srcs\modules\NN\pre_post_proc_CUDA_NNModule.cu">
      <Filter>源文件\convolution\utils</Filter>
    </CudaCompile>
  </ItemGroup>
</Project>