<?xml version="1.0" encoding="utf-8"?>
<Project ToolsVersion="4.0" xmlns="http://schemas.microsoft.com/developer/msbuild/2003">
  <ItemGroup>
    <Filter Include="源文件">
      <UniqueIdentifier>{4FC737F1-C7A5-4376-A066-2A32D752A2FF}</UniqueIdentifier>
      <Extensions>cpp;c;cc;cxx;c++;cppm;ixx;def;odl;idl;hpj;bat;asm;asmx</Extensions>
    </Filter>
    <Filter Include="头文件">
      <UniqueIdentifier>{93995380-89BD-4b04-88EB-625FBE52EBFB}</UniqueIdentifier>
      <Extensions>h;hh;hpp;hxx;h++;hm;inl;inc;ipp;xsd</Extensions>
    </Filter>
    <Filter Include="资源文件">
      <UniqueIdentifier>{67DA6AB6-F800-4c08-8B7A-83BB121AAD01}</UniqueIdentifier>
      <Extensions>rc;ico;cur;bmp;dlg;rc2;rct;bin;rgs;gif;jpg;jpeg;jpe;resx;tiff;tif;png;wav;mfcribbon-ms</Extensions>
    </Filter>
    <Filter Include="源文件\core">
      <UniqueIdentifier>{37830e58-fa66-419a-a0ed-8b999c485c0a}</UniqueIdentifier>
    </Filter>
    <Filter Include="源文件\core\thread_management">
      <UniqueIdentifier>{9eeb56e1-60dd-4ba8-9769-0cc29e0c7b45}</UniqueIdentifier>
    </Filter>
    <Filter Include="源文件\core\configs">
      <UniqueIdentifier>{53bad9ed-ab88-4ed7-865b-2197ff6efee4}</UniqueIdentifier>
    </Filter>
    <Filter Include="源文件\core\memory management">
      <UniqueIdentifier>{19ae3006-b429-4084-941e-b82fbc195823}</UniqueIdentifier>
    </Filter>
    <Filter Include="源文件\core\allocators">
      <UniqueIdentifier>{ea26693b-3115-4310-9b67-7d6c9079fdda}</UniqueIdentifier>
    </Filter>
    <Filter Include="源文件\core\utils">
      <UniqueIdentifier>{fc6a51de-cd24-4e5b-99aa-af56c2a61ddb}</UniqueIdentifier>
    </Filter>
    <Filter Include="源文件\resources_manager">
      <UniqueIdentifier>{fcd4818b-ea09-406c-afe1-a5097ea904d0}</UniqueIdentifier>
    </Filter>
    <Filter Include="源文件\core\configs\x86_64">
      <UniqueIdentifier>{50bad2ca-4b79-4b88-9691-9ff3d7e8602c}</UniqueIdentifier>
    </Filter>
    <Filter Include="源文件\core\classes">
      <UniqueIdentifier>{7f8b90c9-88f3-4049-8720-4b18aecffb6f}</UniqueIdentifier>
    </Filter>
  </ItemGroup>
  <ItemGroup>
    <ClCompile Include="..\..\..\srcs\modules\core\allocators\_allocator.cxx">
      <Filter>源文件\core\allocators</Filter>
    </ClCompile>
    <ClCompile Include="..\..\..\srcs\modules\core\allocators\_deallocator.cxx">
      <Filter>源文件\core\allocators</Filter>
    </ClCompile>
    <ClCompile Include="..\..\..\srcs\modules\core\configs\config.cxx">
      <Filter>源文件\core\configs</Filter>
    </ClCompile>
    <ClCompile Include="..\..\..\srcs\modules\core\configs\x86_64\decx_CPUID_x86.c">
      <Filter>源文件\core\configs\x86_64</Filter>
    </ClCompile>
    <ClCompile Include="..\..\..\srcs\common\FMGR\fragment_arangement.cxx">
      <Filter>源文件\core\utils</Filter>
    </ClCompile>
    <ClCompile Include="..\..\..\srcs\modules\core\global_vars.cxx">
      <Filter>源文件\core\configs</Filter>
    </ClCompile>
    <ClCompile Include="..\..\..\srcs\modules\core\classes\Matrix.cxx">
      <Filter>源文件\core\classes</Filter>
    </ClCompile>
    <ClCompile Include="..\..\..\srcs\modules\core\classes\MatrixArray.cxx">
      <Filter>源文件\core\classes</Filter>
    </ClCompile>
    <ClCompile Include="..\..\..\srcs\modules\core\pre_post_proc_CPUcoreModule.cxx">
      <Filter>源文件\core\utils</Filter>
    </ClCompile>
    <ClCompile Include="..\..\..\srcs\modules\core\resources_manager\ResMgr.cxx">
      <Filter>源文件\resources_manager</Filter>
    </ClCompile>
    <ClCompile Include="..\..\..\srcs\modules\core\classes\Tensor.cxx">
      <Filter>源文件\core\classes</Filter>
    </ClCompile>
    <ClCompile Include="..\..\..\srcs\modules\core\classes\TensorArray.cxx">
      <Filter>源文件\core\classes</Filter>
    </ClCompile>
    <ClCompile Include="..\..\..\srcs\modules\core\classes\Vector.cxx">
      <Filter>源文件\core\classes</Filter>
    </ClCompile>
    <ClCompile Include="..\..\..\srcs\modules\core\thread_management\task_queue.cxx">
      <Filter>源文件\core\thread_management</Filter>
    </ClCompile>
    <ClCompile Include="..\..\..\srcs\modules\core\thread_management\thread_pool.cxx">
      <Filter>源文件\core\thread_management</Filter>
    </ClCompile>
    <ClCompile Include="..\..\..\srcs\modules\core\resources_manager\decx_resource.cxx">
      <Filter>源文件\resources_manager</Filter>
    </ClCompile>
    <ClCompile Include="..\..\..\srcs\modules\core\allocators\_memset.cxx">
      <Filter>源文件\core\memory management</Filter>
    </ClCompile>
    <ClCompile Include="..\..\..\srcs\modules\core\memory_management\MemBlock.cxx">
      <Filter>源文件\core\memory management</Filter>
    </ClCompile>
    <ClCompile Include="..\..\..\srcs\modules\core\memory_management\MemChunk_Hv.cxx">
      <Filter>源文件\core\memory management</Filter>
    </ClCompile>
    <ClCompile Include="..\..\..\srcs\modules\core\memory_management\MemoryPool_Hv.cxx">
      <Filter>源文件\core\memory management</Filter>
    </ClCompile>
  </ItemGroup>
  <ItemGroup>
    <MASM Include="..\..\..\srcs\modules\core\configs\x86_64\cpuid_call_x86_64_masm.asm">
      <Filter>源文件\core\configs\x86_64</Filter>
    </MASM>
  </ItemGroup>
</Project>