
Microsoft Visual Studio Solution File, Format Version 12.00
# Visual Studio Version 16
VisualStudioVersion = 16.0.31019.35
MinimumVisualStudioVersion = 10.0.40219.1
Project("{8BC9CEB8-8B4A-11D0-8D11-00A0C91BC942}") = "DECX_BLAS_CPU", "DECX_BLAS_CPU.vcxproj", "{937AD5DB-5900-436A-876D-E44D755CC99B}"
EndProject
Project("{8BC9CEB8-8B4A-11D0-8D11-00A0C91BC942}") = "DECX_BLAS_CUDA", "DECX_BLAS_CUDA.vcxproj", "{41BA56AA-0E91-4815-9C00-5294FC60DFC6}"
EndProject
Project("{8BC9CEB8-8B4A-11D0-8D11-00A0C91BC942}") = "DECX_core_CUDA", "DECX_core_CUDA.vcxproj", "{5BBA1AC9-9E28-4611-82D8-38AB266B872F}"
EndProject
Project("{8BC9CEB8-8B4A-11D0-8D11-00A0C91BC942}") = "DECX_core_CPU", "DECX_core_CPU.vcxproj", "{E5C6C170-7654-4472-8ABC-47A234D50D4D}"
EndProject
Global
	GlobalSection(SolutionConfigurationPlatforms) = preSolution
		Debug|x64 = Debug|x64
		Debug|x86 = Debug|x86
		Release|x64 = Release|x64
		Release|x86 = Release|x86
	EndGlobalSection
	GlobalSection(ProjectConfigurationPlatforms) = postSolution
		{937AD5DB-5900-436A-876D-E44D755CC99B}.Debug|x64.ActiveCfg = Debug|x64
		{937AD5DB-5900-436A-876D-E44D755CC99B}.Debug|x64.Build.0 = Debug|x64
		{937AD5DB-5900-436A-876D-E44D755CC99B}.Debug|x86.ActiveCfg = Debug|Win32
		{937AD5DB-5900-436A-876D-E44D755CC99B}.Debug|x86.Build.0 = Debug|Win32
		{937AD5DB-5900-436A-876D-E44D755CC99B}.Release|x64.ActiveCfg = Release|x64
		{937AD5DB-5900-436A-876D-E44D755CC99B}.Release|x64.Build.0 = Release|x64
		{937AD5DB-5900-436A-876D-E44D755CC99B}.Release|x86.ActiveCfg = Release|Win32
		{937AD5DB-5900-436A-876D-E44D755CC99B}.Release|x86.Build.0 = Release|Win32
		{41BA56AA-0E91-4815-9C00-5294FC60DFC6}.Debug|x64.ActiveCfg = Debug|x64
		{41BA56AA-0E91-4815-9C00-5294FC60DFC6}.Debug|x64.Build.0 = Debug|x64
		{41BA56AA-0E91-4815-9C00-5294FC60DFC6}.Debug|x86.ActiveCfg = Debug|Win32
		{41BA56AA-0E91-4815-9C00-5294FC60DFC6}.Debug|x86.Build.0 = Debug|Win32
		{41BA56AA-0E91-4815-9C00-5294FC60DFC6}.Release|x64.ActiveCfg = Release|x64
		{41BA56AA-0E91-4815-9C00-5294FC60DFC6}.Release|x64.Build.0 = Release|x64
		{41BA56AA-0E91-4815-9C00-5294FC60DFC6}.Release|x86.ActiveCfg = Release|Win32
		{41BA56AA-0E91-4815-9C00-5294FC60DFC6}.Release|x86.Build.0 = Release|Win32
		{5BBA1AC9-9E28-4611-82D8-38AB266B872F}.Debug|x64.ActiveCfg = Debug|x64
		{5BBA1AC9-9E28-4611-82D8-38AB266B872F}.Debug|x64.Build.0 = Debug|x64
		{5BBA1AC9-9E28-4611-82D8-38AB266B872F}.Debug|x86.ActiveCfg = Debug|Win32
		{5BBA1AC9-9E28-4611-82D8-38AB266B872F}.Debug|x86.Build.0 = Debug|Win32
		{5BBA1AC9-9E28-4611-82D8-38AB266B872F}.Release|x64.ActiveCfg = Release|x64
		{5BBA1AC9-9E28-4611-82D8-38AB266B872F}.Release|x64.Build.0 = Release|x64
		{5BBA1AC9-9E28-4611-82D8-38AB266B872F}.Release|x86.ActiveCfg = Release|Win32
		{5BBA1AC9-9E28-4611-82D8-38AB266B872F}.Release|x86.Build.0 = Release|Win32
		{E5C6C170-7654-4472-8ABC-47A234D50D4D}.Debug|x64.ActiveCfg = Debug|x64
		{E5C6C170-7654-4472-8ABC-47A234D50D4D}.Debug|x64.Build.0 = Debug|x64
		{E5C6C170-7654-4472-8ABC-47A234D50D4D}.Debug|x86.ActiveCfg = Debug|Win32
		{E5C6C170-7654-4472-8ABC-47A234D50D4D}.Debug|x86.Build.0 = Debug|Win32
		{E5C6C170-7654-4472-8ABC-47A234D50D4D}.Release|x64.ActiveCfg = Release|x64
		{E5C6C170-7654-4472-8ABC-47A234D50D4D}.Release|x64.Build.0 = Release|x64
		{E5C6C170-7654-4472-8ABC-47A234D50D4D}.Release|x86.ActiveCfg = Release|Win32
		{E5C6C170-7654-4472-8ABC-47A234D50D4D}.Release|x86.Build.0 = Release|Win32
	EndGlobalSection
	GlobalSection(SolutionProperties) = preSolution
		HideSolutionNode = FALSE
	EndGlobalSection
	GlobalSection(ExtensibilityGlobals) = postSolution
		SolutionGuid = {E4E247D0-DCDF-44B0-9978-D804FBE3ED9E}
	EndGlobalSection
EndGlobal
