<?xml version="1.0" encoding="utf-8"?>
<Project ToolsVersion="4.0" xmlns="http://schemas.microsoft.com/developer/msbuild/2003">
  <ItemGroup>
    <Filter Include="源文件">
      <UniqueIdentifier>{4FC737F1-C7A5-4376-A066-2A32D752A2FF}</UniqueIdentifier>
      <Extensions>cpp;c;cc;cxx;c++;cppm;ixx;def;odl;idl;hpj;bat;asm;asmx</Extensions>
    </Filter>
    <Filter Include="头文件">
      <UniqueIdentifier>{93995380-89BD-4b04-88EB-625FBE52EBFB}</UniqueIdentifier>
      <Extensions>h;hh;hpp;hxx;h++;hm;inl;inc;ipp;xsd</Extensions>
    </Filter>
    <Filter Include="资源文件">
      <UniqueIdentifier>{67DA6AB6-F800-4c08-8B7A-83BB121AAD01}</UniqueIdentifier>
      <Extensions>rc;ico;cur;bmp;dlg;rc2;rct;bin;rgs;gif;jpg;jpeg;jpe;resx;tiff;tif;png;wav;mfcribbon-ms</Extensions>
    </Filter>
    <Filter Include="头文件\Image_IO_GUI">
      <UniqueIdentifier>{a2729769-aea3-4988-900d-9ef0592963f1}</UniqueIdentifier>
    </Filter>
    <Filter Include="源文件\Image_IO_GUI">
      <UniqueIdentifier>{1e87ec50-0efc-44e1-b0f9-68c3886cd73b}</UniqueIdentifier>
    </Filter>
    <Filter Include="源文件\edge_detection">
      <UniqueIdentifier>{b002206d-5771-4bc8-8dab-a6721299f58e}</UniqueIdentifier>
    </Filter>
    <Filter Include="源文件\utils">
      <UniqueIdentifier>{a22b4676-800b-4bb5-93db-175c3bf9120f}</UniqueIdentifier>
    </Filter>
  </ItemGroup>
  <ItemGroup>
    <ClInclude Include="..\..\..\srcs\modules\classes\Matrix.h">
      <Filter>头文件</Filter>
    </ClInclude>
    <ClInclude Include="..\..\..\srcs\modules\cv\Image_IO\Image_GUI.h">
      <Filter>头文件</Filter>
    </ClInclude>
    <ClInclude Include="..\..\..\srcs\modules\cv\Image_IO\Image_IO.h">
      <Filter>头文件</Filter>
    </ClInclude>
    <ClInclude Include="..\..\..\srcs\modules\cv\Image_IO\SDL_includes.h">
      <Filter>头文件</Filter>
    </ClInclude>
  </ItemGroup>
  <ItemGroup>
    <ClCompile Include="..\..\..\srcs\modules\cv\edge_detection\CPU\Canny_ED_post_proc.cxx">
      <Filter>源文件\edge_detection</Filter>
    </ClCompile>
    <ClCompile Include="..\..\..\srcs\modules\cv\utils\color_transform.cxx">
      <Filter>源文件\utils</Filter>
    </ClCompile>
    <ClCompile Include="..\..\..\srcs\modules\cv\utils\cvt_colors.cxx">
      <Filter>源文件\utils</Filter>
    </ClCompile>
    <ClCompile Include="..\..\..\srcs\modules\cv\edge_detection\CPU\edge_detectors.cxx">
      <Filter>源文件\edge_detection</Filter>
    </ClCompile>
    <ClCompile Include="..\..\..\srcs\modules\cv\Image_IO\Image_GUI.cxx">
      <Filter>源文件\Image_IO_GUI</Filter>
    </ClCompile>
    <ClCompile Include="..\..\..\srcs\modules\cv\Image_IO\Image_IO.cxx">
      <Filter>源文件\Image_IO_GUI</Filter>
    </ClCompile>
    <ClCompile Include="..\..\..\srcs\modules\cv\edge_detection\CPU\Scharr_edg_det_ops.cxx">
      <Filter>源文件\edge_detection</Filter>
    </ClCompile>
    <ClCompile Include="..\..\..\srcs\modules\cv\edge_detection\CPU\Sobel_edg_det_ops.cxx">
      <Filter>源文件\edge_detection</Filter>
    </ClCompile>
  </ItemGroup>
</Project>