<?xml version="1.0" encoding="utf-8"?>
<Project ToolsVersion="4.0" xmlns="http://schemas.microsoft.com/developer/msbuild/2003">
  <ItemGroup>
    <Filter Include="源文件">
      <UniqueIdentifier>{4FC737F1-C7A5-4376-A066-2A32D752A2FF}</UniqueIdentifier>
      <Extensions>cpp;c;cc;cxx;c++;cppm;ixx;def;odl;idl;hpj;bat;asm;asmx</Extensions>
    </Filter>
    <Filter Include="头文件">
      <UniqueIdentifier>{93995380-89BD-4b04-88EB-625FBE52EBFB}</UniqueIdentifier>
      <Extensions>h;hh;hpp;hxx;h++;hm;inl;inc;ipp;xsd</Extensions>
    </Filter>
    <Filter Include="资源文件">
      <UniqueIdentifier>{67DA6AB6-F800-4c08-8B7A-83BB121AAD01}</UniqueIdentifier>
      <Extensions>rc;ico;cur;bmp;dlg;rc2;rct;bin;rgs;gif;jpg;jpeg;jpe;resx;tiff;tif;png;wav;mfcribbon-ms</Extensions>
    </Filter>
    <Filter Include="源文件\basic_calculations">
      <UniqueIdentifier>{b1f9519a-f7d9-4bb6-9dcc-1982a4692900}</UniqueIdentifier>
    </Filter>
    <Filter Include="头文件\basic_calculations">
      <UniqueIdentifier>{b509aa50-0a51-4a86-a493-3295ed4d646d}</UniqueIdentifier>
    </Filter>
    <Filter Include="头文件\convolution">
      <UniqueIdentifier>{b766c157-3602-4eeb-a183-4e1b9ca1a57f}</UniqueIdentifier>
    </Filter>
    <Filter Include="头文件\convolution\sliding window">
      <UniqueIdentifier>{13cc322b-95fb-448a-96cd-e69543f8314a}</UniqueIdentifier>
    </Filter>
    <Filter Include="头文件\convolution\sliding window\fp64">
      <UniqueIdentifier>{3980556f-2fe1-4d5a-95bd-3cc0522dcfc5}</UniqueIdentifier>
    </Filter>
    <Filter Include="头文件\convolution\sliding window\fp32">
      <UniqueIdentifier>{d4c02a60-7ded-4a59-9b2b-bd6d7e887488}</UniqueIdentifier>
    </Filter>
    <Filter Include="头文件\convolution\sliding window\uint8">
      <UniqueIdentifier>{e93d8cce-e8e4-441f-a8aa-bd9e7012503f}</UniqueIdentifier>
    </Filter>
    <Filter Include="头文件\convolution\im2row">
      <UniqueIdentifier>{93023b09-d3aa-4ca6-914e-5f0dd1c62160}</UniqueIdentifier>
    </Filter>
    <Filter Include="头文件\convolution\im2row\fp32">
      <UniqueIdentifier>{55e8c794-6aaa-4346-9520-6d29c5f1b334}</UniqueIdentifier>
    </Filter>
    <Filter Include="头文件\GEMM">
      <UniqueIdentifier>{5f615082-887a-47fe-b27f-81234fc9ac55}</UniqueIdentifier>
    </Filter>
    <Filter Include="头文件\GEMM\cpl32">
      <UniqueIdentifier>{69a37841-d2f7-4084-b188-f48b4e68ba75}</UniqueIdentifier>
    </Filter>
    <Filter Include="头文件\GEMM\64b">
      <UniqueIdentifier>{9506d7a8-f067-4915-b843-9744fbc0a4b8}</UniqueIdentifier>
    </Filter>
    <Filter Include="源文件\Dot_product">
      <UniqueIdentifier>{1793d9e6-ca89-4939-941f-822c264c88aa}</UniqueIdentifier>
    </Filter>
    <Filter Include="源文件\Dot_product\fp32">
      <UniqueIdentifier>{fb48346d-1e6d-4a94-a4ee-b9c89a5499c5}</UniqueIdentifier>
    </Filter>
    <Filter Include="源文件\basic_process">
      <UniqueIdentifier>{f0646f53-d964-4c4f-9d89-10b0a55faced}</UniqueIdentifier>
    </Filter>
    <Filter Include="源文件\basic_process\type_statistics">
      <UniqueIdentifier>{7d1e61ba-a3e7-4dab-a896-a206bd4d5f89}</UniqueIdentifier>
    </Filter>
    <Filter Include="源文件\basic_process\rect_and_cube">
      <UniqueIdentifier>{5e1a43be-7701-4d11-b319-f65d2dff5e8e}</UniqueIdentifier>
    </Filter>
    <Filter Include="源文件\basic_process\type_cast">
      <UniqueIdentifier>{3f1af28c-ad19-4262-a645-f11e5d5197fd}</UniqueIdentifier>
    </Filter>
    <Filter Include="源文件\basic_process\transpose">
      <UniqueIdentifier>{3aa5d462-2a10-4186-96ba-f6a8c075ab93}</UniqueIdentifier>
    </Filter>
    <Filter Include="源文件\basic_process\fill">
      <UniqueIdentifier>{d09b7c83-59cb-49c8-b7f0-33b8585f1006}</UniqueIdentifier>
    </Filter>
    <Filter Include="源文件\basic_process\fill\constant">
      <UniqueIdentifier>{431fdd53-9ba9-4963-aabc-edc1606c2a56}</UniqueIdentifier>
    </Filter>
    <Filter Include="源文件\basic_process\extension">
      <UniqueIdentifier>{8246eb4d-b837-4959-b151-663cc1f914da}</UniqueIdentifier>
    </Filter>
    <Filter Include="源文件\vector4">
      <UniqueIdentifier>{6daa1c00-cf8f-4836-a0ec-787541124888}</UniqueIdentifier>
    </Filter>
    <Filter Include="源文件\vector4\transform">
      <UniqueIdentifier>{a9b38bf2-273b-4894-a3a1-a3e99cc32ef4}</UniqueIdentifier>
    </Filter>
    <Filter Include="源文件\vector4\transform\3D">
      <UniqueIdentifier>{3957979a-945a-4135-a63e-f8b7752bf932}</UniqueIdentifier>
    </Filter>
    <Filter Include="源文件\vector4\fields">
      <UniqueIdentifier>{6f2eb181-f015-4bf9-ac37-404120a929c8}</UniqueIdentifier>
    </Filter>
    <Filter Include="源文件\GEMM">
      <UniqueIdentifier>{8faaadc8-1bec-47ca-adde-0fb6ce91c641}</UniqueIdentifier>
    </Filter>
    <Filter Include="源文件\GEMM\fp32">
      <UniqueIdentifier>{878bb178-7325-4015-be78-ee22b8a20d99}</UniqueIdentifier>
    </Filter>
    <Filter Include="源文件\GEMM\64b">
      <UniqueIdentifier>{69c19517-9c52-4dc3-a981-284d44816631}</UniqueIdentifier>
    </Filter>
    <Filter Include="源文件\GEMM\cplxd">
      <UniqueIdentifier>{f203b96e-f1ca-4f86-9586-ad762fba69c9}</UniqueIdentifier>
    </Filter>
    <Filter Include="源文件\utils">
      <UniqueIdentifier>{acb32767-aae6-43ea-9a3a-ab5f6ae37430}</UniqueIdentifier>
    </Filter>
  </ItemGroup>
  <ItemGroup>
    <ClCompile Include="..\srcs\modules\BLAS\Dot product\CPU\fp32\dot_fp32.cxx">
      <Filter>源文件\Dot_product\fp32</Filter>
    </ClCompile>
    <ClCompile Include="..\srcs\modules\BLAS\Dot product\CPU\fp32\dot_fp32_exec.cxx">
      <Filter>源文件\Dot_product\fp32</Filter>
    </ClCompile>
    <ClCompile Include="..\srcs\modules\BLAS\Vectorial\fields\CPU\divergence.cxx">
      <Filter>源文件\vector4\fields</Filter>
    </ClCompile>
    <ClCompile Include="..\srcs\modules\BLAS\Vectorial\fields\CPU\rotation.cxx">
      <Filter>源文件\vector4\fields</Filter>
    </ClCompile>
    <ClCompile Include="..\srcs\modules\BLAS\Vectorial\transforms\3D\CPU\Matrix_transform.cxx">
      <Filter>源文件\vector4\transform\3D</Filter>
    </ClCompile>
    <ClCompile Include="..\srcs\modules\BLAS\GEMM\CPU\fp32\matrix_B_arrange_fp32.cxx">
      <Filter>源文件\GEMM\fp32</Filter>
    </ClCompile>
    <ClCompile Include="..\srcs\modules\BLAS\GEMM\CPU\GEMM.cxx">
      <Filter>源文件\GEMM</Filter>
    </ClCompile>
    <ClCompile Include="..\srcs\modules\BLAS\GEMM\CPU\fp32\GEMM_fp32_caller.cxx">
      <Filter>源文件\GEMM\fp32</Filter>
    </ClCompile>
    <ClCompile Include="..\srcs\modules\BLAS\GEMM\CPU\cpu_GEMM_config.cxx">
      <Filter>源文件\GEMM</Filter>
    </ClCompile>
    <ClCompile Include="..\srcs\modules\BLAS\GEMM\CPU\fp64\GEMM_64b_caller.cxx">
      <Filter>源文件\GEMM\64b</Filter>
    </ClCompile>
    <ClCompile Include="..\srcs\modules\BLAS\GEMM\CPU\fp64\matrix_B_arrange_64b.cxx">
      <Filter>源文件\GEMM\64b</Filter>
    </ClCompile>
    <ClCompile Include="..\srcs\modules\BLAS\GEMM\CPU\cplxd\matrix_B_arrange_cplxd.cxx">
      <Filter>源文件\GEMM\cplxd</Filter>
    </ClCompile>
    <ClCompile Include="..\srcs\modules\BLAS\GEMM\CPU\cplxd\GEMM_cplxd_caller.cxx">
      <Filter>源文件\GEMM\cplxd</Filter>
    </ClCompile>
    <ClCompile Include="..\srcs\common\Basic_process\extension\CPU\extend_constant.cxx">
      <Filter>源文件\basic_process\extension</Filter>
    </ClCompile>
    <ClCompile Include="..\srcs\common\Basic_process\extension\CPU\extend_constant_exec.cxx">
      <Filter>源文件\basic_process\extension</Filter>
    </ClCompile>
    <ClCompile Include="..\srcs\common\Basic_process\extension\CPU\extend_reflect.cxx">
      <Filter>源文件\basic_process\extension</Filter>
    </ClCompile>
    <ClCompile Include="..\srcs\common\Basic_process\extension\CPU\extend_reflect_exec.cxx">
      <Filter>源文件\basic_process\extension</Filter>
    </ClCompile>
    <ClCompile Include="..\srcs\common\Basic_process\extension\CPU\extend_reflect_exec_params.cxx">
      <Filter>源文件\basic_process\extension</Filter>
    </ClCompile>
    <ClCompile Include="..\srcs\common\Basic_process\fill\constant\CPU\fill_constant_exec.cxx">
      <Filter>源文件\basic_process\fill\constant</Filter>
    </ClCompile>
    <ClCompile Include="..\srcs\common\Basic_process\transpose\CPU\transpose_exec_4b.cxx">
      <Filter>源文件\basic_process\transpose</Filter>
    </ClCompile>
    <ClCompile Include="..\srcs\common\Basic_process\transpose\CPU\transpose_exec_8b.cxx">
      <Filter>源文件\basic_process\transpose</Filter>
    </ClCompile>
    <ClCompile Include="..\srcs\common\Basic_process\transpose\CPU\transpose_exec_16b.cxx">
      <Filter>源文件\basic_process\transpose</Filter>
    </ClCompile>
    <ClCompile Include="..\srcs\common\Basic_process\transpose\CPU\transpose2D_config.cxx">
      <Filter>源文件\basic_process\transpose</Filter>
    </ClCompile>
    <ClCompile Include="..\srcs\common\Basic_process\transpose\CPU\transpose_exec_1b.cxx">
      <Filter>源文件\basic_process\transpose</Filter>
    </ClCompile>
    <ClCompile Include="..\srcs\common\Basic_process\type_cast\CPU\_mm256_fp32_fp64.cxx">
      <Filter>源文件\basic_process\type_cast</Filter>
    </ClCompile>
    <ClCompile Include="..\srcs\common\Basic_process\type_cast\CPU\_mm256_fp32_int32.cxx">
      <Filter>源文件\basic_process\type_cast</Filter>
    </ClCompile>
    <ClCompile Include="..\srcs\common\Basic_process\type_cast\CPU\_mm256_fp32_uint8.cxx">
      <Filter>源文件\basic_process\type_cast</Filter>
    </ClCompile>
    <ClCompile Include="..\srcs\common\Basic_process\type_cast\CPU\_mm256_uint8_int32.cxx">
      <Filter>源文件\basic_process\type_cast</Filter>
    </ClCompile>
    <ClCompile Include="..\srcs\common\Basic_process\type_statistics\CPU\cmp_max_exec.cxx">
      <Filter>源文件\basic_process\type_statistics</Filter>
    </ClCompile>
    <ClCompile Include="..\srcs\common\Basic_process\type_statistics\CPU\cmp_min_exec.cxx">
      <Filter>源文件\basic_process\type_statistics</Filter>
    </ClCompile>
    <ClCompile Include="..\srcs\common\Basic_process\type_statistics\CPU\compare.cxx">
      <Filter>源文件\basic_process\type_statistics</Filter>
    </ClCompile>
    <ClCompile Include="..\srcs\common\Basic_process\type_statistics\CPU\hist_gen_exec.cxx">
      <Filter>源文件\basic_process\type_statistics</Filter>
    </ClCompile>
    <ClCompile Include="..\srcs\common\Basic_process\type_statistics\CPU\histogram.cxx">
      <Filter>源文件\basic_process\type_statistics</Filter>
    </ClCompile>
    <ClCompile Include="..\srcs\common\Basic_process\type_statistics\CPU\normalization.cxx">
      <Filter>源文件\basic_process\type_statistics</Filter>
    </ClCompile>
    <ClCompile Include="..\srcs\common\Basic_process\type_statistics\CPU\summation.cxx">
      <Filter>源文件\basic_process\type_statistics</Filter>
    </ClCompile>
    <ClCompile Include="..\srcs\common\FMGR\fragment_arangement.cxx">
      <Filter>源文件\utils</Filter>
    </ClCompile>
    <ClCompile Include="..\srcs\modules\BLAS\Basic_process\transpose\transpose.cxx">
      <Filter>源文件\basic_process\transpose</Filter>
    </ClCompile>
    <ClCompile Include="..\srcs\modules\BLAS\Basic_process\extension\extend.cxx">
      <Filter>源文件\basic_process\extension</Filter>
    </ClCompile>
    <ClCompile Include="..\srcs\modules\BLAS\Basic_process\fill\Matrix_fill.cxx">
      <Filter>源文件\basic_process\fill\constant</Filter>
    </ClCompile>
    <ClCompile Include="..\srcs\modules\BLAS\Basic_process\fill\Vector_fill.cxx">
      <Filter>源文件\basic_process\fill\constant</Filter>
    </ClCompile>
    <ClCompile Include="..\srcs\modules\BLAS\Basic_process\type_cast\type_cast.cxx">
      <Filter>源文件\basic_process\type_cast</Filter>
    </ClCompile>
  </ItemGroup>
  <ItemGroup>
    <ClInclude Include="..\srcs\modules\basic_calculations\operators\Add_exec.h">
      <Filter>头文件\basic_calculations</Filter>
    </ClInclude>
    <ClInclude Include="..\srcs\modules\basic_calculations\operators\cp_add_exec.h">
      <Filter>头文件\basic_calculations</Filter>
    </ClInclude>
    <ClInclude Include="..\srcs\modules\basic_calculations\operators\Div_exec.h">
      <Filter>头文件\basic_calculations</Filter>
    </ClInclude>
    <ClInclude Include="..\srcs\modules\basic_calculations\operators\Fma_exec.h">
      <Filter>头文件\basic_calculations</Filter>
    </ClInclude>
    <ClInclude Include="..\srcs\modules\basic_calculations\operators\Fms_exec.h">
      <Filter>头文件\basic_calculations</Filter>
    </ClInclude>
    <ClInclude Include="..\srcs\modules\basic_calculations\operators\Mul_exec.h">
      <Filter>头文件\basic_calculations</Filter>
    </ClInclude>
    <ClInclude Include="..\srcs\modules\basic_calculations\operators\Sub_exec.h">
      <Filter>头文件\basic_calculations</Filter>
    </ClInclude>
    <ClInclude Include="..\srcs\modules\convolution\conv_utils.h">
      <Filter>头文件\convolution</Filter>
    </ClInclude>
    <ClInclude Include="..\srcs\modules\convolution\CPU\sliding_window\Filter2.h">
      <Filter>头文件\convolution\sliding window</Filter>
    </ClInclude>
    <ClInclude Include="..\srcs\modules\convolution\CPU\sliding_window\fp64\conv2_fp64.h">
      <Filter>头文件\convolution\sliding window\fp64</Filter>
    </ClInclude>
    <ClInclude Include="..\srcs\modules\convolution\CPU\sliding_window\fp64\conv2_fp64_BC_MK_exec.h">
      <Filter>头文件\convolution\sliding window\fp64</Filter>
    </ClInclude>
    <ClInclude Include="..\srcs\modules\convolution\CPU\sliding_window\fp64\conv2_fp64_BC_SK_exec.h">
      <Filter>头文件\convolution\sliding window\fp64</Filter>
    </ClInclude>
    <ClInclude Include="..\srcs\modules\convolution\CPU\sliding_window\fp64\conv2_fp64_exec.h">
      <Filter>头文件\convolution\sliding window\fp64</Filter>
    </ClInclude>
    <ClInclude Include="..\srcs\modules\convolution\CPU\sliding_window\fp64\conv2_fp64_MK.h">
      <Filter>头文件\convolution\sliding window\fp64</Filter>
    </ClInclude>
    <ClInclude Include="..\srcs\modules\convolution\CPU\sliding_window\fp64\conv2_fp64_NB_MK_exec.h">
      <Filter>头文件\convolution\sliding window\fp64</Filter>
    </ClInclude>
    <ClInclude Include="..\srcs\modules\convolution\CPU\sliding_window\fp64\conv2_fp64_NB_SK_exec.h">
      <Filter>头文件\convolution\sliding window\fp64</Filter>
    </ClInclude>
    <ClInclude Include="..\srcs\modules\convolution\CPU\sliding_window\fp64\conv2_fp64_SK.h">
      <Filter>头文件\convolution\sliding window\fp64</Filter>
    </ClInclude>
    <ClInclude Include="..\srcs\modules\convolution\CPU\sliding_window\fp32\conv2_fp32.h">
      <Filter>头文件\convolution\sliding window\fp32</Filter>
    </ClInclude>
    <ClInclude Include="..\srcs\modules\convolution\CPU\sliding_window\fp32\conv2_fp32_BC_MK_exec.h">
      <Filter>头文件\convolution\sliding window\fp32</Filter>
    </ClInclude>
    <ClInclude Include="..\srcs\modules\convolution\CPU\sliding_window\fp32\conv2_fp32_BC_SK_exec.h">
      <Filter>头文件\convolution\sliding window\fp32</Filter>
    </ClInclude>
    <ClInclude Include="..\srcs\modules\convolution\CPU\sliding_window\fp32\conv2_fp32_exec.h">
      <Filter>头文件\convolution\sliding window\fp32</Filter>
    </ClInclude>
    <ClInclude Include="..\srcs\modules\convolution\CPU\sliding_window\fp32\conv2_fp32_K_loop_core.h">
      <Filter>头文件\convolution\sliding window\fp32</Filter>
    </ClInclude>
    <ClInclude Include="..\srcs\modules\convolution\CPU\sliding_window\fp32\conv2_fp32_MK.h">
      <Filter>头文件\convolution\sliding window\fp32</Filter>
    </ClInclude>
    <ClInclude Include="..\srcs\modules\convolution\CPU\sliding_window\fp32\conv2_fp32_NB_MK_exec.h">
      <Filter>头文件\convolution\sliding window\fp32</Filter>
    </ClInclude>
    <ClInclude Include="..\srcs\modules\convolution\CPU\sliding_window\fp32\conv2_fp32_NB_SK_exec.h">
      <Filter>头文件\convolution\sliding window\fp32</Filter>
    </ClInclude>
    <ClInclude Include="..\srcs\modules\convolution\CPU\sliding_window\fp32\conv2_fp32_SK.h">
      <Filter>头文件\convolution\sliding window\fp32</Filter>
    </ClInclude>
    <ClInclude Include="..\srcs\modules\convolution\CPU\sliding_window\uint8\conv2_uint8.h">
      <Filter>头文件\convolution\sliding window\uint8</Filter>
    </ClInclude>
    <ClInclude Include="..\srcs\modules\convolution\CPU\sliding_window\uint8\conv2_uint8_exec.h">
      <Filter>头文件\convolution\sliding window\uint8</Filter>
    </ClInclude>
    <ClInclude Include="..\srcs\modules\convolution\CPU\sliding_window\uint8\conv2_uint8_K_loop_core.h">
      <Filter>头文件\convolution\sliding window\uint8</Filter>
    </ClInclude>
    <ClInclude Include="..\srcs\modules\convolution\CPU\sliding_window\uint8\conv2_uint8_SK.h">
      <Filter>头文件\convolution\sliding window\uint8</Filter>
    </ClInclude>
    <ClInclude Include="..\srcs\modules\convolution\CPU\sliding_window\uint8\conv2_uint8_BC_SK_exec.h">
      <Filter>头文件\convolution\sliding window\uint8</Filter>
    </ClInclude>
    <ClInclude Include="..\srcs\modules\convolution\CPU\im2row\im2row.h">
      <Filter>头文件\convolution\im2row</Filter>
    </ClInclude>
    <ClInclude Include="..\srcs\modules\convolution\CPU\im2row\fp32\conv2_im2row_fp32.h">
      <Filter>头文件\convolution\im2row\fp32</Filter>
    </ClInclude>
    <ClInclude Include="..\srcs\modules\convolution\CPU\im2row\fp32\im2row_eq_GEMM_fp32.h">
      <Filter>头文件\convolution\im2row\fp32</Filter>
    </ClInclude>
    <ClInclude Include="..\srcs\modules\GEMM\CPU\GEMM.h">
      <Filter>头文件\GEMM</Filter>
    </ClInclude>
    <ClInclude Include="..\srcs\modules\GEMM\CPU\cpl32\GEMM_ABC_block_kernel_cpl32.h">
      <Filter>头文件\GEMM\cpl32</Filter>
    </ClInclude>
    <ClInclude Include="..\srcs\modules\GEMM\CPU\cpl32\GEMM_block_kernel_cpl32.h">
      <Filter>头文件\GEMM\cpl32</Filter>
    </ClInclude>
    <ClInclude Include="..\srcs\modules\GEMM\CPU\64b\GEMM_64b_caller.h">
      <Filter>头文件\GEMM\64b</Filter>
    </ClInclude>
    <ClInclude Include="..\srcs\modules\GEMM\CPU\64b\GEMM_64b_defines.h">
      <Filter>头文件\GEMM\64b</Filter>
    </ClInclude>
    <ClInclude Include="..\srcs\modules\GEMM\CPU\64b\GEMM_ABC_kernel_64b.h">
      <Filter>头文件\GEMM\64b</Filter>
    </ClInclude>
    <ClInclude Include="..\srcs\modules\GEMM\CPU\64b\GEMM_ABC_organizer_64b.h">
      <Filter>头文件\GEMM\64b</Filter>
    </ClInclude>
    <ClInclude Include="..\srcs\modules\GEMM\CPU\64b\GEMM_kernel_64b.h">
      <Filter>头文件\GEMM\64b</Filter>
    </ClInclude>
    <ClInclude Include="..\srcs\modules\GEMM\CPU\64b\GEMM_Matrix_B_arrange_64b.h">
      <Filter>头文件\GEMM\64b</Filter>
    </ClInclude>
    <ClInclude Include="..\srcs\modules\GEMM\CPU\64b\GEMM_organizer_64b.h">
      <Filter>头文件\GEMM\64b</Filter>
    </ClInclude>
  </ItemGroup>
</Project>